
Microsoft Visual Studio Solution File, Format Version 12.00
# Visual Studio Version 16
VisualStudioVersion = 16.0.31129.286
MinimumVisualStudioVersion = 10.0.40219.1
Project("{9A19103F-16F7-4668-BE54-9A1E7A4F7556}") = "UdemyRabbitMQ.Publisher", "UdemyRabbitMQ.Publisher\UdemyRabbitMQ.Publisher.csproj", "{96F179AE-0977-45D6-BEA3-BDC3208D3564}"
EndProject
Project("{9A19103F-16F7-4668-BE54-9A1E7A4F7556}") = "UdemyRabbitMQ.Subscriber", "UdemyRabbitMQ.Subscriber\UdemyRabbitMQ.Subscriber.csproj", "{92CB7A01-2A73-49BB-B2C1-64C1A4144D8F}"
EndProject
Project("{9A19103F-16F7-4668-BE54-9A1E7A4F7556}") = "KeyOnlineLog", "KeyOnlineLog\KeyOnlineLog.csproj", "{FC6483AE-4AB6-4CC6-976E-C840258934B6}"
EndProject
Project("{9A19103F-16F7-4668-BE54-9A1E7A4F7556}") = "Example.Subscriber", "Example.Subscriber\Example.Subscriber.csproj", "{D2860995-E946-44E9-BB84-092343A38C10}"
EndProject
Global
	GlobalSection(SolutionConfigurationPlatforms) = preSolution
		Debug|Any CPU = Debug|Any CPU
		Release|Any CPU = Release|Any CPU
	EndGlobalSection
	GlobalSection(ProjectConfigurationPlatforms) = postSolution
		{96F179AE-0977-45D6-BEA3-BDC3208D3564}.Debug|Any CPU.ActiveCfg = Debug|Any CPU
		{96F179AE-0977-45D6-BEA3-BDC3208D3564}.Debug|Any CPU.Build.0 = Debug|Any CPU
		{96F179AE-0977-45D6-BEA3-BDC3208D3564}.Release|Any CPU.ActiveCfg = Release|Any CPU
		{96F179AE-0977-45D6-BEA3-BDC3208D3564}.Release|Any CPU.Build.0 = Release|Any CPU
		{92CB7A01-2A73-49BB-B2C1-64C1A4144D8F}.Debug|Any CPU.ActiveCfg = Debug|Any CPU
		{92CB7A01-2A73-49BB-B2C1-64C1A4144D8F}.Debug|Any CPU.Build.0 = Debug|Any CPU
		{92CB7A01-2A73-49BB-B2C1-64C1A4144D8F}.Release|Any CPU.ActiveCfg = Release|Any CPU
		{92CB7A01-2A73-49BB-B2C1-64C1A4144D8F}.Release|Any CPU.Build.0 = Release|Any CPU
		{FC6483AE-4AB6-4CC6-976E-C840258934B6}.Debug|Any CPU.ActiveCfg = Debug|Any CPU
		{FC6483AE-4AB6-4CC6-976E-C840258934B6}.Debug|Any CPU.Build.0 = Debug|Any CPU
		{FC6483AE-4AB6-4CC6-976E-C840258934B6}.Release|Any CPU.ActiveCfg = Release|Any CPU
		{FC6483AE-4AB6-4CC6-976E-C840258934B6}.Release|Any CPU.Build.0 = Release|Any CPU
		{D2860995-E946-44E9-BB84-092343A38C10}.Debug|Any CPU.ActiveCfg = Debug|Any CPU
		{D2860995-E946-44E9-BB84-092343A38C10}.Debug|Any CPU.Build.0 = Debug|Any CPU
		{D2860995-E946-44E9-BB84-092343A38C10}.Release|Any CPU.ActiveCfg = Release|Any CPU
		{D2860995-E946-44E9-BB84-092343A38C10}.Release|Any CPU.Build.0 = Release|Any CPU
	EndGlobalSection
	GlobalSection(SolutionProperties) = preSolution
		HideSolutionNode = FALSE
	EndGlobalSection
	GlobalSection(ExtensibilityGlobals) = postSolution
		SolutionGuid = {CAE672B2-C7B2-4563-A756-96E76E3FAACA}
	EndGlobalSection
EndGlobal
